
Microsoft Visual Studio Solution File, Format Version 12.00
# Visual Studio Version 16
VisualStudioVersion = 16.0.33328.57
MinimumVisualStudioVersion = 10.0.40219.1
Project("{FAE04EC0-301F-11D3-BF4B-00C04F79EFBC}") = "Lab 5 WpfApp СамРабота Разработка оконного приложения", "Lab 5 WpfApp СамРабота Разработка оконного приложения.csproj", "{9457062C-A162-40D0-A3FD-E479264290F1}"
EndProject
Global
	GlobalSection(SolutionConfigurationPlatforms) = preSolution
		Debug|Any CPU = Debug|Any CPU
		Release|Any CPU = Release|Any CPU
	EndGlobalSection
	GlobalSection(ProjectConfigurationPlatforms) = postSolution
		{9457062C-A162-40D0-A3FD-E479264290F1}.Debug|Any CPU.ActiveCfg = Debug|Any CPU
		{9457062C-A162-40D0-A3FD-E479264290F1}.Debug|Any CPU.Build.0 = Debug|Any CPU
		{9457062C-A162-40D0-A3FD-E479264290F1}.Release|Any CPU.ActiveCfg = Release|Any CPU
		{9457062C-A162-40D0-A3FD-E479264290F1}.Release|Any CPU.Build.0 = Release|Any CPU
	EndGlobalSection
	GlobalSection(SolutionProperties) = preSolution
		HideSolutionNode = FALSE
	EndGlobalSection
	GlobalSection(ExtensibilityGlobals) = postSolution
		SolutionGuid = {AB6E3FA4-28C9-4382-A391-49468A428A6E}
	EndGlobalSection
EndGlobal
